
Microsoft Visual Studio Solution File, Format Version 12.00
# Visual Studio Version 17
VisualStudioVersion = 17.6.33829.357
MinimumVisualStudioVersion = 10.0.40219.1
Project("{9A19103F-16F7-4668-BE54-9A1E7A4F7556}") = "Firstwebproject", "Firstwebproject\Firstwebproject.csproj", "{8811E3C6-AD12-4AB1-8C0C-D8044B25EC0E}"
EndProject
Global
	GlobalSection(SolutionConfigurationPlatforms) = preSolution
		Debug|Any CPU = Debug|Any CPU
		Release|Any CPU = Release|Any CPU
	EndGlobalSection
	GlobalSection(ProjectConfigurationPlatforms) = postSolution
		{8811E3C6-AD12-4AB1-8C0C-D8044B25EC0E}.Debug|Any CPU.ActiveCfg = Debug|Any CPU
		{8811E3C6-AD12-4AB1-8C0C-D8044B25EC0E}.Debug|Any CPU.Build.0 = Debug|Any CPU
		{8811E3C6-AD12-4AB1-8C0C-D8044B25EC0E}.Release|Any CPU.ActiveCfg = Release|Any CPU
		{8811E3C6-AD12-4AB1-8C0C-D8044B25EC0E}.Release|Any CPU.Build.0 = Release|Any CPU
	EndGlobalSection
	GlobalSection(SolutionProperties) = preSolution
		HideSolutionNode = FALSE
	EndGlobalSection
	GlobalSection(ExtensibilityGlobals) = postSolution
		SolutionGuid = {CBFFD773-2BB0-433E-BF7C-B6DA3197760C}
	EndGlobalSection
EndGlobal
